{
  "name": "project3_resi_demo",
  "lockfileVersion": 2,
  "requires": true,
  "packages": {
    "": {
      "dependencies": {
        "@srexi/purecounterjs": "^1.5.0",
        "bootstrap": "^5.0.1",
        "glightbox": "^3.2.0",
        "isotope-layout": "^3.0.6",
        "mdbootstrap": "^4.20.0",
        "swiper": "^11.0.5"
      }
    },
    "node_modules/@popperjs/core": {
      "version": "2.11.8",
      "resolved": "https://registry.npmjs.org/@popperjs/core/-/core-2.11.8.tgz",
      "integrity": "sha512-P1st0aksCrn9sGZhp8GMYwBnQsbvAWsZAX44oXNNvLHGqAOcoVxmjZiohstwQ7SqKnbR47akdNi+uleWD8+g6A==",
      "peer": true,
      "funding": {
        "type": "opencollective",
        "url": "https://opencollective.com/popperjs"
      }
    },
    "node_modules/@srexi/purecounterjs": {
      "version": "1.5.0",
      "resolved": "https://registry.npmjs.org/@srexi/purecounterjs/-/purecounterjs-1.5.0.tgz",
      "integrity": "sha512-9ggIhaiR2O0MGq3l+rBsApanj0OM+lgY78+2Zx271Cy1QZSsMRwKyphy7NiBeVYimL8/mMvGhipR8yhAzylcXg=="
    },
    "node_modules/bootstrap": {
      "version": "5.0.1",
      "resolved": "https://registry.npmjs.org/bootstrap/-/bootstrap-5.0.1.tgz",
      "integrity": "sha512-Fl79+wsLOZKoiU345KeEaWD0ik8WKRI5zm0YSPj2oF1Qr+BO7z0fco6GbUtqjoG1h4VI89PeKJnMsMMVQdKKTw==",
      "funding": {
        "type": "opencollective",
        "url": "https://opencollective.com/bootstrap"
      },
      "peerDependencies": {
        "@popperjs/core": "^2.9.2"
      }
    },
    "node_modules/desandro-matches-selector": {
      "version": "2.0.2",
      "resolved": "https://registry.npmjs.org/desandro-matches-selector/-/desandro-matches-selector-2.0.2.tgz",
      "integrity": "sha512-+1q0nXhdzg1IpIJdMKalUwvvskeKnYyEe3shPRwedNcWtnhEKT3ZxvFjzywHDeGcKViIxTCAoOYQWP1qD7VNyg=="
    },
    "node_modules/ev-emitter": {
      "version": "1.1.1",
      "resolved": "https://registry.npmjs.org/ev-emitter/-/ev-emitter-1.1.1.tgz",
      "integrity": "sha512-ipiDYhdQSCZ4hSbX4rMW+XzNKMD1prg/sTvoVmSLkuQ1MVlwjJQQA+sW8tMYR3BLUr9KjodFV4pvzunvRhd33Q=="
    },
    "node_modules/fizzy-ui-utils": {
      "version": "2.0.7",
      "resolved": "https://registry.npmjs.org/fizzy-ui-utils/-/fizzy-ui-utils-2.0.7.tgz",
      "integrity": "sha512-CZXDVXQ1If3/r8s0T+v+qVeMshhfcuq0rqIFgJnrtd+Bu8GmDmqMjntjUePypVtjHXKJ6V4sw9zeyox34n9aCg==",
      "dependencies": {
        "desandro-matches-selector": "^2.0.0"
      }
    },
    "node_modules/get-size": {
      "version": "2.0.3",
      "resolved": "https://registry.npmjs.org/get-size/-/get-size-2.0.3.tgz",
      "integrity": "sha512-lXNzT/h/dTjTxRbm9BXb+SGxxzkm97h/PCIKtlN/CBCxxmkkIVV21udumMS93MuVTDX583gqc94v3RjuHmI+2Q=="
    },
    "node_modules/glightbox": {
      "version": "3.2.0",
      "resolved": "https://registry.npmjs.org/glightbox/-/glightbox-3.2.0.tgz",
      "integrity": "sha512-iit1xYixqL4YVL+I2YJLfMeyJwvLi6FE6kY3qNKeZHEJgRIz80QU8Rm7YCyw1wOTgXvmNDnXGVhHOHRCwnDltQ=="
    },
    "node_modules/isotope-layout": {
      "version": "3.0.6",
      "resolved": "https://registry.npmjs.org/isotope-layout/-/isotope-layout-3.0.6.tgz",
      "integrity": "sha512-z2ZKablhocXhoNyWwzJPFd7u7FWbYbVJA51Nvsqsod8jH2ExGc1SwDsSWKE54e3PhXzqf2yZPhFSq/c2MR1arw==",
      "dependencies": {
        "desandro-matches-selector": "^2.0.0",
        "fizzy-ui-utils": "^2.0.4",
        "get-size": "^2.0.0",
        "masonry-layout": "^4.1.0",
        "outlayer": "^2.1.0"
      }
    },
    "node_modules/masonry-layout": {
      "version": "4.2.2",
      "resolved": "https://registry.npmjs.org/masonry-layout/-/masonry-layout-4.2.2.tgz",
      "integrity": "sha512-iGtAlrpHNyxaR19CvKC3npnEcAwszXoyJiI8ARV2ePi7fmYhIud25MHK8Zx4P0LCC4d3TNO9+rFa1KoK1OEOaA==",
      "dependencies": {
        "get-size": "^2.0.2",
        "outlayer": "^2.1.0"
      }
    },
    "node_modules/mdbootstrap": {
      "version": "4.20.0",
      "resolved": "https://registry.npmjs.org/mdbootstrap/-/mdbootstrap-4.20.0.tgz",
      "integrity": "sha512-eIxaYsvHct2BKqkJWphh6j7nFQXHh9NjbbN7a+dctfrVsKaydNW5XpKIxmq2tDSb9+XYGm9hK7hMTlHgeV6wdw=="
    },
    "node_modules/outlayer": {
      "version": "2.1.1",
      "resolved": "https://registry.npmjs.org/outlayer/-/outlayer-2.1.1.tgz",
      "integrity": "sha512-+GplXsCQ3VrbGujAeHEzP9SXsBmJxzn/YdDSQZL0xqBmAWBmortu2Y9Gwdp9J0bgDQ8/YNIPMoBM13nTwZfAhw==",
      "dependencies": {
        "ev-emitter": "^1.0.0",
        "fizzy-ui-utils": "^2.0.0",
        "get-size": "^2.0.2"
      }
    },
    "node_modules/swiper": {
      "version": "11.0.5",
      "resolved": "https://registry.npmjs.org/swiper/-/swiper-11.0.5.tgz",
      "integrity": "sha512-rhCwupqSyRnWrtNzWzemnBLMoyYuoDgGgspAm/8iBD3jCvAWycPLH4Z3TB0O5520DHLzMx94yUMH/B9Efpa48w==",
      "funding": [
        {
          "type": "patreon",
          "url": "https://www.patreon.com/swiperjs"
        },
        {
          "type": "open_collective",
          "url": "http://opencollective.com/swiper"
        }
      ],
      "engines": {
        "node": ">= 4.7.0"
      }
    }
  },
  "dependencies": {
    "@popperjs/core": {
      "version": "2.11.8",
      "resolved": "https://registry.npmjs.org/@popperjs/core/-/core-2.11.8.tgz",
      "integrity": "sha512-P1st0aksCrn9sGZhp8GMYwBnQsbvAWsZAX44oXNNvLHGqAOcoVxmjZiohstwQ7SqKnbR47akdNi+uleWD8+g6A==",
      "peer": true
    },
    "@srexi/purecounterjs": {
      "version": "1.5.0",
      "resolved": "https://registry.npmjs.org/@srexi/purecounterjs/-/purecounterjs-1.5.0.tgz",
      "integrity": "sha512-9ggIhaiR2O0MGq3l+rBsApanj0OM+lgY78+2Zx271Cy1QZSsMRwKyphy7NiBeVYimL8/mMvGhipR8yhAzylcXg=="
    },
    "bootstrap": {
      "version": "5.0.1",
      "resolved": "https://registry.npmjs.org/bootstrap/-/bootstrap-5.0.1.tgz",
      "integrity": "sha512-Fl79+wsLOZKoiU345KeEaWD0ik8WKRI5zm0YSPj2oF1Qr+BO7z0fco6GbUtqjoG1h4VI89PeKJnMsMMVQdKKTw==",
      "requires": {}
    },
    "desandro-matches-selector": {
      "version": "2.0.2",
      "resolved": "https://registry.npmjs.org/desandro-matches-selector/-/desandro-matches-selector-2.0.2.tgz",
      "integrity": "sha512-+1q0nXhdzg1IpIJdMKalUwvvskeKnYyEe3shPRwedNcWtnhEKT3ZxvFjzywHDeGcKViIxTCAoOYQWP1qD7VNyg=="
    },
    "ev-emitter": {
      "version": "1.1.1",
      "resolved": "https://registry.npmjs.org/ev-emitter/-/ev-emitter-1.1.1.tgz",
      "integrity": "sha512-ipiDYhdQSCZ4hSbX4rMW+XzNKMD1prg/sTvoVmSLkuQ1MVlwjJQQA+sW8tMYR3BLUr9KjodFV4pvzunvRhd33Q=="
    },
    "fizzy-ui-utils": {
      "version": "2.0.7",
      "resolved": "https://registry.npmjs.org/fizzy-ui-utils/-/fizzy-ui-utils-2.0.7.tgz",
      "integrity": "sha512-CZXDVXQ1If3/r8s0T+v+qVeMshhfcuq0rqIFgJnrtd+Bu8GmDmqMjntjUePypVtjHXKJ6V4sw9zeyox34n9aCg==",
      "requires": {
        "desandro-matches-selector": "^2.0.0"
      }
    },
    "get-size": {
      "version": "2.0.3",
      "resolved": "https://registry.npmjs.org/get-size/-/get-size-2.0.3.tgz",
      "integrity": "sha512-lXNzT/h/dTjTxRbm9BXb+SGxxzkm97h/PCIKtlN/CBCxxmkkIVV21udumMS93MuVTDX583gqc94v3RjuHmI+2Q=="
    },
    "glightbox": {
      "version": "3.2.0",
      "resolved": "https://registry.npmjs.org/glightbox/-/glightbox-3.2.0.tgz",
      "integrity": "sha512-iit1xYixqL4YVL+I2YJLfMeyJwvLi6FE6kY3qNKeZHEJgRIz80QU8Rm7YCyw1wOTgXvmNDnXGVhHOHRCwnDltQ=="
    },
    "isotope-layout": {
      "version": "3.0.6",
      "resolved": "https://registry.npmjs.org/isotope-layout/-/isotope-layout-3.0.6.tgz",
      "integrity": "sha512-z2ZKablhocXhoNyWwzJPFd7u7FWbYbVJA51Nvsqsod8jH2ExGc1SwDsSWKE54e3PhXzqf2yZPhFSq/c2MR1arw==",
      "requires": {
        "desandro-matches-selector": "^2.0.0",
        "fizzy-ui-utils": "^2.0.4",
        "get-size": "^2.0.0",
        "masonry-layout": "^4.1.0",
        "outlayer": "^2.1.0"
      }
    },
    "masonry-layout": {
      "version": "4.2.2",
      "resolved": "https://registry.npmjs.org/masonry-layout/-/masonry-layout-4.2.2.tgz",
      "integrity": "sha512-iGtAlrpHNyxaR19CvKC3npnEcAwszXoyJiI8ARV2ePi7fmYhIud25MHK8Zx4P0LCC4d3TNO9+rFa1KoK1OEOaA==",
      "requires": {
        "get-size": "^2.0.2",
        "outlayer": "^2.1.0"
      }
    },
    "mdbootstrap": {
      "version": "4.20.0",
      "resolved": "https://registry.npmjs.org/mdbootstrap/-/mdbootstrap-4.20.0.tgz",
      "integrity": "sha512-eIxaYsvHct2BKqkJWphh6j7nFQXHh9NjbbN7a+dctfrVsKaydNW5XpKIxmq2tDSb9+XYGm9hK7hMTlHgeV6wdw=="
    },
    "outlayer": {
      "version": "2.1.1",
      "resolved": "https://registry.npmjs.org/outlayer/-/outlayer-2.1.1.tgz",
      "integrity": "sha512-+GplXsCQ3VrbGujAeHEzP9SXsBmJxzn/YdDSQZL0xqBmAWBmortu2Y9Gwdp9J0bgDQ8/YNIPMoBM13nTwZfAhw==",
      "requires": {
        "ev-emitter": "^1.0.0",
        "fizzy-ui-utils": "^2.0.0",
        "get-size": "^2.0.2"
      }
    },
    "swiper": {
      "version": "11.0.5",
      "resolved": "https://registry.npmjs.org/swiper/-/swiper-11.0.5.tgz",
      "integrity": "sha512-rhCwupqSyRnWrtNzWzemnBLMoyYuoDgGgspAm/8iBD3jCvAWycPLH4Z3TB0O5520DHLzMx94yUMH/B9Efpa48w=="
    }
  }
}
